<?xml version="1.0" encoding="utf-8"?>
<Project ToolsVersion="4.0" xmlns="http://schemas.microsoft.com/developer/msbuild/2003">
  <ItemGroup>
    <Filter Include="Source Files">
      <UniqueIdentifier>{4FC737F1-C7A5-4376-A066-2A32D752A2FF}</UniqueIdentifier>
      <Extensions>cpp;c;cc;cxx;def;odl;idl;hpj;bat;asm;asmx</Extensions>
    </Filter>
    <Filter Include="Header Files">
      <UniqueIdentifier>{93995380-89BD-4b04-88EB-625FBE52EBFB}</UniqueIdentifier>
      <Extensions>h;hh;hpp;hxx;hm;inl;inc;ipp;xsd</Extensions>
    </Filter>
    <Filter Include="Resource Files">
      <UniqueIdentifier>{67DA6AB6-F800-4c08-8B7A-83BB121AAD01}</UniqueIdentifier>
      <Extensions>rc;ico;cur;bmp;dlg;rc2;rct;bin;rgs;gif;jpg;jpeg;jpe;resx;tiff;tif;png;wav;mfcribbon-ms</Extensions>
    </Filter>
    <Filter Include="Header Files\Diseases">
      <UniqueIdentifier>{df373927-3726-437c-bc07-93ee75f1bd78}</UniqueIdentifier>
    </Filter>
    <Filter Include="Source Files\Diseases">
      <UniqueIdentifier>{6e5891a1-5f93-42f7-9c7b-027cfc00cc52}</UniqueIdentifier>
    </Filter>
  </ItemGroup>
  <ItemGroup>
    <ClInclude Include="include\disease.h">
      <Filter>Header Files</Filter>
    </ClInclude>
    <ClInclude Include="include\headache.h">
      <Filter>Header Files\Diseases</Filter>
    </ClInclude>
    <ClInclude Include="include\ebola.h">
      <Filter>Header Files\Diseases</Filter>
    </ClInclude>
    <ClInclude Include="include\asthma.h">
      <Filter>Header Files\Diseases</Filter>
    </ClInclude>
    <ClInclude Include="include\menu.h">
      <Filter>Header Files</Filter>
    </ClInclude>
  </ItemGroup>
  <ItemGroup>
    <ClCompile Include="cpp\main.cpp">
      <Filter>Source Files</Filter>
    </ClCompile>
    <ClCompile Include="cpp\disease.cpp">
      <Filter>Source Files</Filter>
    </ClCompile>
    <ClCompile Include="cpp\headache.cpp">
      <Filter>Source Files\Diseases</Filter>
    </ClCompile>
    <ClCompile Include="cpp\ebola.cpp">
      <Filter>Source Files\Diseases</Filter>
    </ClCompile>
    <ClCompile Include="cpp\asthma.cpp">
      <Filter>Source Files\Diseases</Filter>
    </ClCompile>
    <ClCompile Include="cpp\menu.cpp">
      <Filter>Source Files</Filter>
    </ClCompile>
  </ItemGroup>
</Project>